
Microsoft Visual Studio Solution File, Format Version 10.00
# Visual Studio 2008
Project("{FAE04EC0-301F-11D3-BF4B-00C04F79EFBC}") = "ProjectDOTNET", "ProjectDOTNET\ProjectDOTNET.csproj", "{7419713C-9049-49B3-8BD7-C1A7C4A8A3F0}"
EndProject
Global
	GlobalSection(SolutionConfigurationPlatforms) = preSolution
		Debug|Any CPU = Debug|Any CPU
		Release|Any CPU = Release|Any CPU
	EndGlobalSection
	GlobalSection(ProjectConfigurationPlatforms) = postSolution
		{7419713C-9049-49B3-8BD7-C1A7C4A8A3F0}.Debug|Any CPU.ActiveCfg = Debug|Any CPU
		{7419713C-9049-49B3-8BD7-C1A7C4A8A3F0}.Debug|Any CPU.Build.0 = Debug|Any CPU
		{7419713C-9049-49B3-8BD7-C1A7C4A8A3F0}.Release|Any CPU.ActiveCfg = Debug|Any CPU
		{7419713C-9049-49B3-8BD7-C1A7C4A8A3F0}.Release|Any CPU.Build.0 = Debug|Any CPU
	EndGlobalSection
	GlobalSection(SolutionProperties) = preSolution
		HideSolutionNode = FALSE
	EndGlobalSection
EndGlobal
